// !$*UTF8*$!
{
	archiveVersion = 1;
	classes = {
	};
	objectVersion = 56;
	objects = {

/* Begin PBXBuildFile section */
		723A1CEE2C6DD57D00A39167 /* AppDelegate.swift in Sources */ = {isa = PBXBuildFile; fileRef = 723A1CED2C6DD57D00A39167 /* AppDelegate.swift */; };
		723A1CF02C6DD57D00A39167 /* SceneDelegate.swift in Sources */ = {isa = PBXBuildFile; fileRef = 723A1CEF2C6DD57D00A39167 /* SceneDelegate.swift */; };
		723A1CF22C6DD57D00A39167 /* LoginViewController.swift in Sources */ = {isa = PBXBuildFile; fileRef = 723A1CF12C6DD57D00A39167 /* LoginViewController.swift */; };
		723A1CF72C6DD58100A39167 /* Assets.xcassets in Resources */ = {isa = PBXBuildFile; fileRef = 723A1CF62C6DD58100A39167 /* Assets.xcassets */; };
		723A1CFA2C6DD58100A39167 /* Base in Resources */ = {isa = PBXBuildFile; fileRef = 723A1CF92C6DD58100A39167 /* Base */; };
		72A887EC2C6DDCF4008ADA3F /* BaseView.swift in Sources */ = {isa = PBXBuildFile; fileRef = 72A887EB2C6DDCF4008ADA3F /* BaseView.swift */; };
		72A887EF2C6DDDD7008ADA3F /* LoginView.swift in Sources */ = {isa = PBXBuildFile; fileRef = 72A887EE2C6DDDD7008ADA3F /* LoginView.swift */; };
		72A887F32C6DDE8D008ADA3F /* UIColor+ex.swift in Sources */ = {isa = PBXBuildFile; fileRef = 72A887F22C6DDE8D008ADA3F /* UIColor+ex.swift */; };
		72A887F62C6DF87E008ADA3F /* RegisterView.swift in Sources */ = {isa = PBXBuildFile; fileRef = 72A887F52C6DF87E008ADA3F /* RegisterView.swift */; };
		72A887F82C6DF894008ADA3F /* RegisterViewController.swift in Sources */ = {isa = PBXBuildFile; fileRef = 72A887F72C6DF894008ADA3F /* RegisterViewController.swift */; };
		72A887FB2C6DFD21008ADA3F /* HomeViewController.swift in Sources */ = {isa = PBXBuildFile; fileRef = 72A887FA2C6DFD21008ADA3F /* HomeViewController.swift */; };
		72A887FD2C6DFD35008ADA3F /* HomeView.swift in Sources */ = {isa = PBXBuildFile; fileRef = 72A887FC2C6DFD35008ADA3F /* HomeView.swift */; };
		72A887FF2C6DFEE3008ADA3F /* CategoriesCollectionViewCell.swift in Sources */ = {isa = PBXBuildFile; fileRef = 72A887FE2C6DFEE3008ADA3F /* CategoriesCollectionViewCell.swift */; };
		72A888022C6DFF30008ADA3F /* HomeCategoryModel.swift in Sources */ = {isa = PBXBuildFile; fileRef = 72A888012C6DFF30008ADA3F /* HomeCategoryModel.swift */; };
		72A888042C6DFFFF008ADA3F /* PicturesCollectionViewCell.swift in Sources */ = {isa = PBXBuildFile; fileRef = 72A888032C6DFFFF008ADA3F /* PicturesCollectionViewCell.swift */; };
		72A888062C6E0119008ADA3F /* PhotoDetailsModel.swift in Sources */ = {isa = PBXBuildFile; fileRef = 72A888052C6E0119008ADA3F /* PhotoDetailsModel.swift */; };
		72A8880B2C6FD678008ADA3F /* NetworkService.swift in Sources */ = {isa = PBXBuildFile; fileRef = 72A8880A2C6FD678008ADA3F /* NetworkService.swift */; };
		72A8880D2C6FD8A5008ADA3F /* UnsplashPhotoModel.swift in Sources */ = {isa = PBXBuildFile; fileRef = 72A8880C2C6FD8A5008ADA3F /* UnsplashPhotoModel.swift */; };
/* End PBXBuildFile section */

/* Begin PBXFileReference section */
		723A1CEA2C6DD57D00A39167 /* unsplash-6month.app */ = {isa = PBXFileReference; explicitFileType = wrapper.application; includeInIndex = 0; path = "unsplash-6month.app"; sourceTree = BUILT_PRODUCTS_DIR; };
		723A1CED2C6DD57D00A39167 /* AppDelegate.swift */ = {isa = PBXFileReference; lastKnownFileType = sourcecode.swift; path = AppDelegate.swift; sourceTree = "<group>"; };
		723A1CEF2C6DD57D00A39167 /* SceneDelegate.swift */ = {isa = PBXFileReference; lastKnownFileType = sourcecode.swift; path = SceneDelegate.swift; sourceTree = "<group>"; };
		723A1CF12C6DD57D00A39167 /* LoginViewController.swift */ = {isa = PBXFileReference; lastKnownFileType = sourcecode.swift; path = LoginViewController.swift; sourceTree = "<group>"; };
		723A1CF62C6DD58100A39167 /* Assets.xcassets */ = {isa = PBXFileReference; lastKnownFileType = folder.assetcatalog; path = Assets.xcassets; sourceTree = "<group>"; };
		723A1CF92C6DD58100A39167 /* Base */ = {isa = PBXFileReference; lastKnownFileType = file.storyboard; name = Base; path = Base.lproj/LaunchScreen.storyboard; sourceTree = "<group>"; };
		723A1CFB2C6DD58100A39167 /* Info.plist */ = {isa = PBXFileReference; lastKnownFileType = text.plist.xml; path = Info.plist; sourceTree = "<group>"; };
		72A887EB2C6DDCF4008ADA3F /* BaseView.swift */ = {isa = PBXFileReference; lastKnownFileType = sourcecode.swift; path = BaseView.swift; sourceTree = "<group>"; };
		72A887EE2C6DDDD7008ADA3F /* LoginView.swift */ = {isa = PBXFileReference; lastKnownFileType = sourcecode.swift; path = LoginView.swift; sourceTree = "<group>"; };
		72A887F22C6DDE8D008ADA3F /* UIColor+ex.swift */ = {isa = PBXFileReference; lastKnownFileType = sourcecode.swift; path = "UIColor+ex.swift"; sourceTree = "<group>"; };
		72A887F52C6DF87E008ADA3F /* RegisterView.swift */ = {isa = PBXFileReference; lastKnownFileType = sourcecode.swift; path = RegisterView.swift; sourceTree = "<group>"; };
		72A887F72C6DF894008ADA3F /* RegisterViewController.swift */ = {isa = PBXFileReference; lastKnownFileType = sourcecode.swift; path = RegisterViewController.swift; sourceTree = "<group>"; };
		72A887FA2C6DFD21008ADA3F /* HomeViewController.swift */ = {isa = PBXFileReference; lastKnownFileType = sourcecode.swift; path = HomeViewController.swift; sourceTree = "<group>"; };
		72A887FC2C6DFD35008ADA3F /* HomeView.swift */ = {isa = PBXFileReference; lastKnownFileType = sourcecode.swift; path = HomeView.swift; sourceTree = "<group>"; };
		72A887FE2C6DFEE3008ADA3F /* CategoriesCollectionViewCell.swift */ = {isa = PBXFileReference; lastKnownFileType = sourcecode.swift; path = CategoriesCollectionViewCell.swift; sourceTree = "<group>"; };
		72A888012C6DFF30008ADA3F /* HomeCategoryModel.swift */ = {isa = PBXFileReference; lastKnownFileType = sourcecode.swift; path = HomeCategoryModel.swift; sourceTree = "<group>"; };
		72A888032C6DFFFF008ADA3F /* PicturesCollectionViewCell.swift */ = {isa = PBXFileReference; lastKnownFileType = sourcecode.swift; path = PicturesCollectionViewCell.swift; sourceTree = "<group>"; };
		72A888052C6E0119008ADA3F /* PhotoDetailsModel.swift */ = {isa = PBXFileReference; lastKnownFileType = sourcecode.swift; path = PhotoDetailsModel.swift; sourceTree = "<group>"; };
		72A8880A2C6FD678008ADA3F /* NetworkService.swift */ = {isa = PBXFileReference; lastKnownFileType = sourcecode.swift; path = NetworkService.swift; sourceTree = "<group>"; };
		72A8880C2C6FD8A5008ADA3F /* UnsplashPhotoModel.swift */ = {isa = PBXFileReference; lastKnownFileType = sourcecode.swift; path = UnsplashPhotoModel.swift; sourceTree = "<group>"; };
/* End PBXFileReference section */

/* Begin PBXFrameworksBuildPhase section */
		723A1CE72C6DD57D00A39167 /* Frameworks */ = {
			isa = PBXFrameworksBuildPhase;
			buildActionMask = 2147483647;
			files = (
			);
			runOnlyForDeploymentPostprocessing = 0;
		};
/* End PBXFrameworksBuildPhase section */

/* Begin PBXGroup section */
		723A1CE12C6DD57D00A39167 = {
			isa = PBXGroup;
			children = (
				723A1CEC2C6DD57D00A39167 /* unsplash-6month */,
				723A1CEB2C6DD57D00A39167 /* Products */,
			);
			sourceTree = "<group>";
		};
		723A1CEB2C6DD57D00A39167 /* Products */ = {
			isa = PBXGroup;
			children = (
				723A1CEA2C6DD57D00A39167 /* unsplash-6month.app */,
			);
			name = Products;
			sourceTree = "<group>";
		};
		723A1CEC2C6DD57D00A39167 /* unsplash-6month */ = {
			isa = PBXGroup;
			children = (
				723A1CED2C6DD57D00A39167 /* AppDelegate.swift */,
				723A1CEF2C6DD57D00A39167 /* SceneDelegate.swift */,
				72A888092C6FD662008ADA3F /* Network */,
				72A888002C6DFF14008ADA3F /* DTOs */,
				72A887E92C6DDCD7008ADA3F /* Modules */,
				72A887F02C6DDE70008ADA3F /* Resources */,
				723A1CF82C6DD58100A39167 /* LaunchScreen.storyboard */,
				723A1CFB2C6DD58100A39167 /* Info.plist */,
			);
			path = "unsplash-6month";
			sourceTree = "<group>";
		};
		72A887E92C6DDCD7008ADA3F /* Modules */ = {
			isa = PBXGroup;
			children = (
				72A887EA2C6DDCE1008ADA3F /* Base */,
				72A887ED2C6DDDAC008ADA3F /* Login */,
				72A887F42C6DF867008ADA3F /* Register */,
				72A887F92C6DFD0D008ADA3F /* Home */,
			);
			path = Modules;
			sourceTree = "<group>";
		};
		72A887EA2C6DDCE1008ADA3F /* Base */ = {
			isa = PBXGroup;
			children = (
				72A887EB2C6DDCF4008ADA3F /* BaseView.swift */,
			);
			path = Base;
			sourceTree = "<group>";
		};
		72A887ED2C6DDDAC008ADA3F /* Login */ = {
			isa = PBXGroup;
			children = (
				723A1CF12C6DD57D00A39167 /* LoginViewController.swift */,
				72A887EE2C6DDDD7008ADA3F /* LoginView.swift */,
			);
			path = Login;
			sourceTree = "<group>";
		};
		72A887F02C6DDE70008ADA3F /* Resources */ = {
			isa = PBXGroup;
			children = (
				72A887F12C6DDE78008ADA3F /* Extensions */,
				723A1CF62C6DD58100A39167 /* Assets.xcassets */,
			);
			path = Resources;
			sourceTree = "<group>";
		};
		72A887F12C6DDE78008ADA3F /* Extensions */ = {
			isa = PBXGroup;
			children = (
				72A887F22C6DDE8D008ADA3F /* UIColor+ex.swift */,
			);
			path = Extensions;
			sourceTree = "<group>";
		};
		72A887F42C6DF867008ADA3F /* Register */ = {
			isa = PBXGroup;
			children = (
				72A887F72C6DF894008ADA3F /* RegisterViewController.swift */,
				72A887F52C6DF87E008ADA3F /* RegisterView.swift */,
			);
			path = Register;
			sourceTree = "<group>";
		};
		72A887F92C6DFD0D008ADA3F /* Home */ = {
			isa = PBXGroup;
			children = (
				72A887FA2C6DFD21008ADA3F /* HomeViewController.swift */,
				72A887FC2C6DFD35008ADA3F /* HomeView.swift */,
				72A888072C6E0191008ADA3F /* CustomCells */,
			);
			path = Home;
			sourceTree = "<group>";
		};
		72A888002C6DFF14008ADA3F /* DTOs */ = {
			isa = PBXGroup;
			children = (
				72A888012C6DFF30008ADA3F /* HomeCategoryModel.swift */,
				72A888052C6E0119008ADA3F /* PhotoDetailsModel.swift */,
				72A8880C2C6FD8A5008ADA3F /* UnsplashPhotoModel.swift */,
			);
			path = DTOs;
			sourceTree = "<group>";
		};
		72A888072C6E0191008ADA3F /* CustomCells */ = {
			isa = PBXGroup;
			children = (
				72A887FE2C6DFEE3008ADA3F /* CategoriesCollectionViewCell.swift */,
				72A888032C6DFFFF008ADA3F /* PicturesCollectionViewCell.swift */,
			);
			path = CustomCells;
			sourceTree = "<group>";
		};
		72A888092C6FD662008ADA3F /* Network */ = {
			isa = PBXGroup;
			children = (
				72A8880A2C6FD678008ADA3F /* NetworkService.swift */,
			);
			path = Network;
			sourceTree = "<group>";
		};
/* End PBXGroup section */

/* Begin PBXNativeTarget section */
		723A1CE92C6DD57D00A39167 /* unsplash-6month */ = {
			isa = PBXNativeTarget;
			buildConfigurationList = 723A1CFE2C6DD58100A39167 /* Build configuration list for PBXNativeTarget "unsplash-6month" */;
			buildPhases = (
				723A1CE62C6DD57D00A39167 /* Sources */,
				723A1CE72C6DD57D00A39167 /* Frameworks */,
				723A1CE82C6DD57D00A39167 /* Resources */,
			);
			buildRules = (
			);
			dependencies = (
			);
			name = "unsplash-6month";
			productName = "unsplash-6month";
			productReference = 723A1CEA2C6DD57D00A39167 /* unsplash-6month.app */;
			productType = "com.apple.product-type.application";
		};
/* End PBXNativeTarget section */

/* Begin PBXProject section */
		723A1CE22C6DD57D00A39167 /* Project object */ = {
			isa = PBXProject;
			attributes = {
				BuildIndependentTargetsInParallel = 1;
				LastSwiftUpdateCheck = 1540;
				LastUpgradeCheck = 1540;
				TargetAttributes = {
					723A1CE92C6DD57D00A39167 = {
						CreatedOnToolsVersion = 15.4;
					};
				};
			};
			buildConfigurationList = 723A1CE52C6DD57D00A39167 /* Build configuration list for PBXProject "unsplash-6month" */;
			compatibilityVersion = "Xcode 14.0";
			developmentRegion = en;
			hasScannedForEncodings = 0;
			knownRegions = (
				en,
				Base,
			);
			mainGroup = 723A1CE12C6DD57D00A39167;
			productRefGroup = 723A1CEB2C6DD57D00A39167 /* Products */;
			projectDirPath = "";
			projectRoot = "";
			targets = (
				723A1CE92C6DD57D00A39167 /* unsplash-6month */,
			);
		};
/* End PBXProject section */

/* Begin PBXResourcesBuildPhase section */
		723A1CE82C6DD57D00A39167 /* Resources */ = {
			isa = PBXResourcesBuildPhase;
			buildActionMask = 2147483647;
			files = (
				723A1CF72C6DD58100A39167 /* Assets.xcassets in Resources */,
				723A1CFA2C6DD58100A39167 /* Base in Resources */,
			);
			runOnlyForDeploymentPostprocessing = 0;
		};
/* End PBXResourcesBuildPhase section */

/* Begin PBXSourcesBuildPhase section */
		723A1CE62C6DD57D00A39167 /* Sources */ = {
			isa = PBXSourcesBuildPhase;
			buildActionMask = 2147483647;
			files = (
				72A887EF2C6DDDD7008ADA3F /* LoginView.swift in Sources */,
				723A1CF22C6DD57D00A39167 /* LoginViewController.swift in Sources */,
				723A1CEE2C6DD57D00A39167 /* AppDelegate.swift in Sources */,
				72A887FD2C6DFD35008ADA3F /* HomeView.swift in Sources */,
				72A887F82C6DF894008ADA3F /* RegisterViewController.swift in Sources */,
				72A888062C6E0119008ADA3F /* PhotoDetailsModel.swift in Sources */,
				72A887F62C6DF87E008ADA3F /* RegisterView.swift in Sources */,
				72A887FF2C6DFEE3008ADA3F /* CategoriesCollectionViewCell.swift in Sources */,
				72A887FB2C6DFD21008ADA3F /* HomeViewController.swift in Sources */,
				72A888042C6DFFFF008ADA3F /* PicturesCollectionViewCell.swift in Sources */,
				72A8880B2C6FD678008ADA3F /* NetworkService.swift in Sources */,
				723A1CF02C6DD57D00A39167 /* SceneDelegate.swift in Sources */,
				72A8880D2C6FD8A5008ADA3F /* UnsplashPhotoModel.swift in Sources */,
				72A887F32C6DDE8D008ADA3F /* UIColor+ex.swift in Sources */,
				72A888022C6DFF30008ADA3F /* HomeCategoryModel.swift in Sources */,
				72A887EC2C6DDCF4008ADA3F /* BaseView.swift in Sources */,
			);
			runOnlyForDeploymentPostprocessing = 0;
		};
/* End PBXSourcesBuildPhase section */

/* Begin PBXVariantGroup section */
		723A1CF82C6DD58100A39167 /* LaunchScreen.storyboard */ = {
			isa = PBXVariantGroup;
			children = (
				723A1CF92C6DD58100A39167 /* Base */,
			);
			name = LaunchScreen.storyboard;
			sourceTree = "<group>";
		};
/* End PBXVariantGroup section */

/* Begin XCBuildConfiguration section */
		723A1CFC2C6DD58100A39167 /* Debug */ = {
			isa = XCBuildConfiguration;
			buildSettings = {
				ALWAYS_SEARCH_USER_PATHS = NO;
				ASSETCATALOG_COMPILER_GENERATE_SWIFT_ASSET_SYMBOL_EXTENSIONS = YES;
				CLANG_ANALYZER_NONNULL = YES;
				CLANG_ANALYZER_NUMBER_OBJECT_CONVERSION = YES_AGGRESSIVE;
				CLANG_CXX_LANGUAGE_STANDARD = "gnu++20";
				CLANG_ENABLE_MODULES = YES;
				CLANG_ENABLE_OBJC_ARC = YES;
				CLANG_ENABLE_OBJC_WEAK = YES;
				CLANG_WARN_BLOCK_CAPTURE_AUTORELEASING = YES;
				CLANG_WARN_BOOL_CONVERSION = YES;
				CLANG_WARN_COMMA = YES;
				CLANG_WARN_CONSTANT_CONVERSION = YES;
				CLANG_WARN_DEPRECATED_OBJC_IMPLEMENTATIONS = YES;
				CLANG_WARN_DIRECT_OBJC_ISA_USAGE = YES_ERROR;
				CLANG_WARN_DOCUMENTATION_COMMENTS = YES;
				CLANG_WARN_EMPTY_BODY = YES;
				CLANG_WARN_ENUM_CONVERSION = YES;
				CLANG_WARN_INFINITE_RECURSION = YES;
				CLANG_WARN_INT_CONVERSION = YES;
				CLANG_WARN_NON_LITERAL_NULL_CONVERSION = YES;
				CLANG_WARN_OBJC_IMPLICIT_RETAIN_SELF = YES;
				CLANG_WARN_OBJC_LITERAL_CONVERSION = YES;
				CLANG_WARN_OBJC_ROOT_CLASS = YES_ERROR;
				CLANG_WARN_QUOTED_INCLUDE_IN_FRAMEWORK_HEADER = YES;
				CLANG_WARN_RANGE_LOOP_ANALYSIS = YES;
				CLANG_WARN_STRICT_PROTOTYPES = YES;
				CLANG_WARN_SUSPICIOUS_MOVE = YES;
				CLANG_WARN_UNGUARDED_AVAILABILITY = YES_AGGRESSIVE;
				CLANG_WARN_UNREACHABLE_CODE = YES;
				CLANG_WARN__DUPLICATE_METHOD_MATCH = YES;
				COPY_PHASE_STRIP = NO;
				DEBUG_INFORMATION_FORMAT = dwarf;
				ENABLE_STRICT_OBJC_MSGSEND = YES;
				ENABLE_TESTABILITY = YES;
				ENABLE_USER_SCRIPT_SANDBOXING = YES;
				GCC_C_LANGUAGE_STANDARD = gnu17;
				GCC_DYNAMIC_NO_PIC = NO;
				GCC_NO_COMMON_BLOCKS = YES;
				GCC_OPTIMIZATION_LEVEL = 0;
				GCC_PREPROCESSOR_DEFINITIONS = (
					"DEBUG=1",
					"$(inherited)",
				);
				GCC_WARN_64_TO_32_BIT_CONVERSION = YES;
				GCC_WARN_ABOUT_RETURN_TYPE = YES_ERROR;
				GCC_WARN_UNDECLARED_SELECTOR = YES;
				GCC_WARN_UNINITIALIZED_AUTOS = YES_AGGRESSIVE;
				GCC_WARN_UNUSED_FUNCTION = YES;
				GCC_WARN_UNUSED_VARIABLE = YES;
				IPHONEOS_DEPLOYMENT_TARGET = 17.5;
				LOCALIZATION_PREFERS_STRING_CATALOGS = YES;
				MTL_ENABLE_DEBUG_INFO = INCLUDE_SOURCE;
				MTL_FAST_MATH = YES;
				ONLY_ACTIVE_ARCH = YES;
				SDKROOT = iphoneos;
				SWIFT_ACTIVE_COMPILATION_CONDITIONS = "DEBUG $(inherited)";
				SWIFT_OPTIMIZATION_LEVEL = "-Onone";
			};
			name = Debug;
		};
		723A1CFD2C6DD58100A39167 /* Release */ = {
			isa = XCBuildConfiguration;
			buildSettings = {
				ALWAYS_SEARCH_USER_PATHS = NO;
				ASSETCATALOG_COMPILER_GENERATE_SWIFT_ASSET_SYMBOL_EXTENSIONS = YES;
				CLANG_ANALYZER_NONNULL = YES;
				CLANG_ANALYZER_NUMBER_OBJECT_CONVERSION = YES_AGGRESSIVE;
				CLANG_CXX_LANGUAGE_STANDARD = "gnu++20";
				CLANG_ENABLE_MODULES = YES;
				CLANG_ENABLE_OBJC_ARC = YES;
				CLANG_ENABLE_OBJC_WEAK = YES;
				CLANG_WARN_BLOCK_CAPTURE_AUTORELEASING = YES;
				CLANG_WARN_BOOL_CONVERSION = YES;
				CLANG_WARN_COMMA = YES;
				CLANG_WARN_CONSTANT_CONVERSION = YES;
				CLANG_WARN_DEPRECATED_OBJC_IMPLEMENTATIONS = YES;
				CLANG_WARN_DIRECT_OBJC_ISA_USAGE = YES_ERROR;
				CLANG_WARN_DOCUMENTATION_COMMENTS = YES;
				CLANG_WARN_EMPTY_BODY = YES;
				CLANG_WARN_ENUM_CONVERSION = YES;
				CLANG_WARN_INFINITE_RECURSION = YES;
				CLANG_WARN_INT_CONVERSION = YES;
				CLANG_WARN_NON_LITERAL_NULL_CONVERSION = YES;
				CLANG_WARN_OBJC_IMPLICIT_RETAIN_SELF = YES;
				CLANG_WARN_OBJC_LITERAL_CONVERSION = YES;
				CLANG_WARN_OBJC_ROOT_CLASS = YES_ERROR;
				CLANG_WARN_QUOTED_INCLUDE_IN_FRAMEWORK_HEADER = YES;
				CLANG_WARN_RANGE_LOOP_ANALYSIS = YES;
				CLANG_WARN_STRICT_PROTOTYPES = YES;
				CLANG_WARN_SUSPICIOUS_MOVE = YES;
				CLANG_WARN_UNGUARDED_AVAILABILITY = YES_AGGRESSIVE;
				CLANG_WARN_UNREACHABLE_CODE = YES;
				CLANG_WARN__DUPLICATE_METHOD_MATCH = YES;
				COPY_PHASE_STRIP = NO;
				DEBUG_INFORMATION_FORMAT = "dwarf-with-dsym";
				ENABLE_NS_ASSERTIONS = NO;
				ENABLE_STRICT_OBJC_MSGSEND = YES;
				ENABLE_USER_SCRIPT_SANDBOXING = YES;
				GCC_C_LANGUAGE_STANDARD = gnu17;
				GCC_NO_COMMON_BLOCKS = YES;
				GCC_WARN_64_TO_32_BIT_CONVERSION = YES;
				GCC_WARN_ABOUT_RETURN_TYPE = YES_ERROR;
				GCC_WARN_UNDECLARED_SELECTOR = YES;
				GCC_WARN_UNINITIALIZED_AUTOS = YES_AGGRESSIVE;
				GCC_WARN_UNUSED_FUNCTION = YES;
				GCC_WARN_UNUSED_VARIABLE = YES;
				IPHONEOS_DEPLOYMENT_TARGET = 17.5;
				LOCALIZATION_PREFERS_STRING_CATALOGS = YES;
				MTL_ENABLE_DEBUG_INFO = NO;
				MTL_FAST_MATH = YES;
				SDKROOT = iphoneos;
				SWIFT_COMPILATION_MODE = wholemodule;
				VALIDATE_PRODUCT = YES;
			};
			name = Release;
		};
		723A1CFF2C6DD58100A39167 /* Debug */ = {
			isa = XCBuildConfiguration;
			buildSettings = {
				ASSETCATALOG_COMPILER_APPICON_NAME = AppIcon;
				ASSETCATALOG_COMPILER_GLOBAL_ACCENT_COLOR_NAME = AccentColor;
				CODE_SIGN_STYLE = Automatic;
				CURRENT_PROJECT_VERSION = 1;
				DEVELOPMENT_TEAM = 2VCHNMLR8N;
				GENERATE_INFOPLIST_FILE = YES;
				INFOPLIST_FILE = "unsplash-6month/Info.plist";
				INFOPLIST_KEY_UIApplicationSupportsIndirectInputEvents = YES;
				INFOPLIST_KEY_UILaunchStoryboardName = LaunchScreen;
				INFOPLIST_KEY_UISupportedInterfaceOrientations_iPad = "UIInterfaceOrientationPortrait UIInterfaceOrientationPortraitUpsideDown UIInterfaceOrientationLandscapeLeft UIInterfaceOrientationLandscapeRight";
				INFOPLIST_KEY_UISupportedInterfaceOrientations_iPhone = "UIInterfaceOrientationPortrait UIInterfaceOrientationLandscapeLeft UIInterfaceOrientationLandscapeRight";
				IPHONEOS_DEPLOYMENT_TARGET = 16.5;
				LD_RUNPATH_SEARCH_PATHS = (
					"$(inherited)",
					"@executable_path/Frameworks",
				);
				MARKETING_VERSION = 1.0;
				PRODUCT_BUNDLE_IDENTIFIER = "nt.unsplash-6month";
				PRODUCT_NAME = "$(TARGET_NAME)";
				SWIFT_EMIT_LOC_STRINGS = YES;
				SWIFT_VERSION = 5.0;
				TARGETED_DEVICE_FAMILY = "1,2";
			};
			name = Debug;
		};
		723A1D002C6DD58100A39167 /* Release */ = {
			isa = XCBuildConfiguration;
			buildSettings = {
				ASSETCATALOG_COMPILER_APPICON_NAME = AppIcon;
				ASSETCATALOG_COMPILER_GLOBAL_ACCENT_COLOR_NAME = AccentColor;
				CODE_SIGN_STYLE = Automatic;
				CURRENT_PROJECT_VERSION = 1;
				DEVELOPMENT_TEAM = 2VCHNMLR8N;
				GENERATE_INFOPLIST_FILE = YES;
				INFOPLIST_FILE = "unsplash-6month/Info.plist";
				INFOPLIST_KEY_UIApplicationSupportsIndirectInputEvents = YES;
				INFOPLIST_KEY_UILaunchStoryboardName = LaunchScreen;
				INFOPLIST_KEY_UISupportedInterfaceOrientations_iPad = "UIInterfaceOrientationPortrait UIInterfaceOrientationPortraitUpsideDown UIInterfaceOrientationLandscapeLeft UIInterfaceOrientationLandscapeRight";
				INFOPLIST_KEY_UISupportedInterfaceOrientations_iPhone = "UIInterfaceOrientationPortrait UIInterfaceOrientationLandscapeLeft UIInterfaceOrientationLandscapeRight";
				IPHONEOS_DEPLOYMENT_TARGET = 16.5;
				LD_RUNPATH_SEARCH_PATHS = (
					"$(inherited)",
					"@executable_path/Frameworks",
				);
				MARKETING_VERSION = 1.0;
				PRODUCT_BUNDLE_IDENTIFIER = "nt.unsplash-6month";
				PRODUCT_NAME = "$(TARGET_NAME)";
				SWIFT_EMIT_LOC_STRINGS = YES;
				SWIFT_VERSION = 5.0;
				TARGETED_DEVICE_FAMILY = "1,2";
			};
			name = Release;
		};
/* End XCBuildConfiguration section */

/* Begin XCConfigurationList section */
		723A1CE52C6DD57D00A39167 /* Build configuration list for PBXProject "unsplash-6month" */ = {
			isa = XCConfigurationList;
			buildConfigurations = (
				723A1CFC2C6DD58100A39167 /* Debug */,
				723A1CFD2C6DD58100A39167 /* Release */,
			);
			defaultConfigurationIsVisible = 0;
			defaultConfigurationName = Release;
		};
		723A1CFE2C6DD58100A39167 /* Build configuration list for PBXNativeTarget "unsplash-6month" */ = {
			isa = XCConfigurationList;
			buildConfigurations = (
				723A1CFF2C6DD58100A39167 /* Debug */,
				723A1D002C6DD58100A39167 /* Release */,
			);
			defaultConfigurationIsVisible = 0;
			defaultConfigurationName = Release;
		};
/* End XCConfigurationList section */
	};
	rootObject = 723A1CE22C6DD57D00A39167 /* Project object */;
}
